
Microsoft Visual Studio Solution File, Format Version 12.00
# Visual Studio Version 16
VisualStudioVersion = 16.0.32413.511
MinimumVisualStudioVersion = 10.0.40219.1
Project("{FAE04EC0-301F-11D3-BF4B-00C04F79EFBC}") = "GeometryFigures3", "GeometryFigures3\GeometryFigures3.csproj", "{BBD65CCE-2D27-4658-99E5-71110EAE8CFE}"
EndProject
Global
	GlobalSection(SolutionConfigurationPlatforms) = preSolution
		Debug|Any CPU = Debug|Any CPU
		Release|Any CPU = Release|Any CPU
	EndGlobalSection
	GlobalSection(ProjectConfigurationPlatforms) = postSolution
		{BBD65CCE-2D27-4658-99E5-71110EAE8CFE}.Debug|Any CPU.ActiveCfg = Debug|Any CPU
		{BBD65CCE-2D27-4658-99E5-71110EAE8CFE}.Debug|Any CPU.Build.0 = Debug|Any CPU
		{BBD65CCE-2D27-4658-99E5-71110EAE8CFE}.Release|Any CPU.ActiveCfg = Release|Any CPU
		{BBD65CCE-2D27-4658-99E5-71110EAE8CFE}.Release|Any CPU.Build.0 = Release|Any CPU
	EndGlobalSection
	GlobalSection(SolutionProperties) = preSolution
		HideSolutionNode = FALSE
	EndGlobalSection
	GlobalSection(ExtensibilityGlobals) = postSolution
		SolutionGuid = {B811DBF1-566E-49EA-A473-D01CCD84092C}
	EndGlobalSection
EndGlobal
